
Microsoft Visual Studio Solution File, Format Version 11.00
# Visual Studio 2010
Project("{FAE04EC0-301F-11D3-BF4B-00C04F79EFBC}") = "Rubix", "Rubix\Rubix.csproj", "{0498A79E-1248-4573-9312-4FED71D26B30}"
EndProject
Project("{54435603-DBB4-11D2-8724-00A0C9A8B90C}") = "Rubix Installer", "Rubix Installer\Rubix Installer.vdproj", "{C1D89A29-2FA4-44CF-9640-DBC3D3986929}"
EndProject
Global
	GlobalSection(SolutionConfigurationPlatforms) = preSolution
		Debug|x86 = Debug|x86
		Release|x86 = Release|x86
	EndGlobalSection
	GlobalSection(ProjectConfigurationPlatforms) = postSolution
		{0498A79E-1248-4573-9312-4FED71D26B30}.Debug|x86.ActiveCfg = Release|x86
		{0498A79E-1248-4573-9312-4FED71D26B30}.Debug|x86.Build.0 = Release|x86
		{0498A79E-1248-4573-9312-4FED71D26B30}.Release|x86.ActiveCfg = Release|x86
		{0498A79E-1248-4573-9312-4FED71D26B30}.Release|x86.Build.0 = Release|x86
		{C1D89A29-2FA4-44CF-9640-DBC3D3986929}.Debug|x86.ActiveCfg = Release
		{C1D89A29-2FA4-44CF-9640-DBC3D3986929}.Release|x86.ActiveCfg = Release
		{C1D89A29-2FA4-44CF-9640-DBC3D3986929}.Release|x86.Build.0 = Release
	EndGlobalSection
	GlobalSection(SolutionProperties) = preSolution
		HideSolutionNode = FALSE
	EndGlobalSection
EndGlobal
